// !$*UTF8*$!
{
	archiveVersion = 1;
	classes = {
	};
	objectVersion = 50;
	objects = {

/* Begin PBXBuildFile section */
		138B4EC622068F0B001CF774 /* AppDelegate.swift in Sources */ = {isa = PBXBuildFile; fileRef = 138B4EC522068F0B001CF774 /* AppDelegate.swift */; };
		138B4EC822068F0B001CF774 /* ViewController.swift in Sources */ = {isa = PBXBuildFile; fileRef = 138B4EC722068F0B001CF774 /* ViewController.swift */; };
		138B4ECB22068F0B001CF774 /* Main.storyboard in Resources */ = {isa = PBXBuildFile; fileRef = 138B4EC922068F0B001CF774 /* Main.storyboard */; };
		138B4ECD22068F0D001CF774 /* Assets.xcassets in Resources */ = {isa = PBXBuildFile; fileRef = 138B4ECC22068F0D001CF774 /* Assets.xcassets */; };
		138B4ED022068F0D001CF774 /* LaunchScreen.storyboard in Resources */ = {isa = PBXBuildFile; fileRef = 138B4ECE22068F0D001CF774 /* LaunchScreen.storyboard */; };
		138B4EDB22068F0D001CF774 /* AR_Storage_MeasureTests.swift in Sources */ = {isa = PBXBuildFile; fileRef = 138B4EDA22068F0D001CF774 /* AR_Storage_MeasureTests.swift */; };
		138B4EE622068F0D001CF774 /* AR_Storage_MeasureUITests.swift in Sources */ = {isa = PBXBuildFile; fileRef = 138B4EE522068F0D001CF774 /* AR_Storage_MeasureUITests.swift */; };
		138B4EF422069300001CF774 /* Measure.swift in Sources */ = {isa = PBXBuildFile; fileRef = 138B4EF322069300001CF774 /* Measure.swift */; };
		138B4EF6220697CD001CF774 /* Box.swift in Sources */ = {isa = PBXBuildFile; fileRef = 138B4EF5220697CD001CF774 /* Box.swift */; };
		138B4EF8220697DF001CF774 /* Grid.swift in Sources */ = {isa = PBXBuildFile; fileRef = 138B4EF7220697DF001CF774 /* Grid.swift */; };
/* End PBXBuildFile section */

/* Begin PBXContainerItemProxy section */
		138B4ED722068F0D001CF774 /* PBXContainerItemProxy */ = {
			isa = PBXContainerItemProxy;
			containerPortal = 138B4EBA22068F0B001CF774 /* Project object */;
			proxyType = 1;
			remoteGlobalIDString = 138B4EC122068F0B001CF774;
			remoteInfo = "AR Storage Measure";
		};
		138B4EE222068F0D001CF774 /* PBXContainerItemProxy */ = {
			isa = PBXContainerItemProxy;
			containerPortal = 138B4EBA22068F0B001CF774 /* Project object */;
			proxyType = 1;
			remoteGlobalIDString = 138B4EC122068F0B001CF774;
			remoteInfo = "AR Storage Measure";
		};
/* End PBXContainerItemProxy section */

/* Begin PBXFileReference section */
		138B4EC222068F0B001CF774 /* AR Storage Measure.app */ = {isa = PBXFileReference; explicitFileType = wrapper.application; includeInIndex = 0; path = "AR Storage Measure.app"; sourceTree = BUILT_PRODUCTS_DIR; };
		138B4EC522068F0B001CF774 /* AppDelegate.swift */ = {isa = PBXFileReference; lastKnownFileType = sourcecode.swift; path = AppDelegate.swift; sourceTree = "<group>"; };
		138B4EC722068F0B001CF774 /* ViewController.swift */ = {isa = PBXFileReference; lastKnownFileType = sourcecode.swift; path = ViewController.swift; sourceTree = "<group>"; };
		138B4ECA22068F0B001CF774 /* Base */ = {isa = PBXFileReference; lastKnownFileType = file.storyboard; name = Base; path = Base.lproj/Main.storyboard; sourceTree = "<group>"; };
		138B4ECC22068F0D001CF774 /* Assets.xcassets */ = {isa = PBXFileReference; lastKnownFileType = folder.assetcatalog; path = Assets.xcassets; sourceTree = "<group>"; };
		138B4ECF22068F0D001CF774 /* Base */ = {isa = PBXFileReference; lastKnownFileType = file.storyboard; name = Base; path = Base.lproj/LaunchScreen.storyboard; sourceTree = "<group>"; };
		138B4ED122068F0D001CF774 /* Info.plist */ = {isa = PBXFileReference; lastKnownFileType = text.plist.xml; path = Info.plist; sourceTree = "<group>"; };
		138B4ED622068F0D001CF774 /* AR Storage MeasureTests.xctest */ = {isa = PBXFileReference; explicitFileType = wrapper.cfbundle; includeInIndex = 0; path = "AR Storage MeasureTests.xctest"; sourceTree = BUILT_PRODUCTS_DIR; };
		138B4EDA22068F0D001CF774 /* AR_Storage_MeasureTests.swift */ = {isa = PBXFileReference; lastKnownFileType = sourcecode.swift; path = AR_Storage_MeasureTests.swift; sourceTree = "<group>"; };
		138B4EDC22068F0D001CF774 /* Info.plist */ = {isa = PBXFileReference; lastKnownFileType = text.plist.xml; path = Info.plist; sourceTree = "<group>"; };
		138B4EE122068F0D001CF774 /* AR Storage MeasureUITests.xctest */ = {isa = PBXFileReference; explicitFileType = wrapper.cfbundle; includeInIndex = 0; path = "AR Storage MeasureUITests.xctest"; sourceTree = BUILT_PRODUCTS_DIR; };
		138B4EE522068F0D001CF774 /* AR_Storage_MeasureUITests.swift */ = {isa = PBXFileReference; lastKnownFileType = sourcecode.swift; path = AR_Storage_MeasureUITests.swift; sourceTree = "<group>"; };
		138B4EE722068F0D001CF774 /* Info.plist */ = {isa = PBXFileReference; lastKnownFileType = text.plist.xml; path = Info.plist; sourceTree = "<group>"; };
		138B4EF322069300001CF774 /* Measure.swift */ = {isa = PBXFileReference; lastKnownFileType = sourcecode.swift; path = Measure.swift; sourceTree = "<group>"; };
		138B4EF5220697CD001CF774 /* Box.swift */ = {isa = PBXFileReference; lastKnownFileType = sourcecode.swift; path = Box.swift; sourceTree = "<group>"; };
		138B4EF7220697DF001CF774 /* Grid.swift */ = {isa = PBXFileReference; lastKnownFileType = sourcecode.swift; path = Grid.swift; sourceTree = "<group>"; };
/* End PBXFileReference section */

/* Begin PBXFrameworksBuildPhase section */
		138B4EBF22068F0B001CF774 /* Frameworks */ = {
			isa = PBXFrameworksBuildPhase;
			buildActionMask = 2147483647;
			files = (
			);
			runOnlyForDeploymentPostprocessing = 0;
		};
		138B4ED322068F0D001CF774 /* Frameworks */ = {
			isa = PBXFrameworksBuildPhase;
			buildActionMask = 2147483647;
			files = (
			);
			runOnlyForDeploymentPostprocessing = 0;
		};
		138B4EDE22068F0D001CF774 /* Frameworks */ = {
			isa = PBXFrameworksBuildPhase;
			buildActionMask = 2147483647;
			files = (
			);
			runOnlyForDeploymentPostprocessing = 0;
		};
/* End PBXFrameworksBuildPhase section */

/* Begin PBXGroup section */
		138B4EB922068F0B001CF774 = {
			isa = PBXGroup;
			children = (
				138B4EC422068F0B001CF774 /* AR Storage Measure */,
				138B4ED922068F0D001CF774 /* AR Storage MeasureTests */,
				138B4EE422068F0D001CF774 /* AR Storage MeasureUITests */,
				138B4EC322068F0B001CF774 /* Products */,
			);
			sourceTree = "<group>";
		};
		138B4EC322068F0B001CF774 /* Products */ = {
			isa = PBXGroup;
			children = (
				138B4EC222068F0B001CF774 /* AR Storage Measure.app */,
				138B4ED622068F0D001CF774 /* AR Storage MeasureTests.xctest */,
				138B4EE122068F0D001CF774 /* AR Storage MeasureUITests.xctest */,
			);
			name = Products;
			sourceTree = "<group>";
		};
		138B4EC422068F0B001CF774 /* AR Storage Measure */ = {
			isa = PBXGroup;
			children = (
				138B4EC522068F0B001CF774 /* AppDelegate.swift */,
				138B4EC722068F0B001CF774 /* ViewController.swift */,
				138B4EF322069300001CF774 /* Measure.swift */,
				138B4EF5220697CD001CF774 /* Box.swift */,
				138B4EF7220697DF001CF774 /* Grid.swift */,
				138B4EC922068F0B001CF774 /* Main.storyboard */,
				138B4ECC22068F0D001CF774 /* Assets.xcassets */,
				138B4ECE22068F0D001CF774 /* LaunchScreen.storyboard */,
				138B4ED122068F0D001CF774 /* Info.plist */,
			);
			path = "AR Storage Measure";
			sourceTree = "<group>";
		};
		138B4ED922068F0D001CF774 /* AR Storage MeasureTests */ = {
			isa = PBXGroup;
			children = (
				138B4EDA22068F0D001CF774 /* AR_Storage_MeasureTests.swift */,
				138B4EDC22068F0D001CF774 /* Info.plist */,
			);
			path = "AR Storage MeasureTests";
			sourceTree = "<group>";
		};
		138B4EE422068F0D001CF774 /* AR Storage MeasureUITests */ = {
			isa = PBXGroup;
			children = (
				138B4EE522068F0D001CF774 /* AR_Storage_MeasureUITests.swift */,
				138B4EE722068F0D001CF774 /* Info.plist */,
			);
			path = "AR Storage MeasureUITests";
			sourceTree = "<group>";
		};
/* End PBXGroup section */

/* Begin PBXNativeTarget section */
		138B4EC122068F0B001CF774 /* AR Storage Measure */ = {
			isa = PBXNativeTarget;
			buildConfigurationList = 138B4EEA22068F0D001CF774 /* Build configuration list for PBXNativeTarget "AR Storage Measure" */;
			buildPhases = (
				138B4EBE22068F0B001CF774 /* Sources */,
				138B4EBF22068F0B001CF774 /* Frameworks */,
				138B4EC022068F0B001CF774 /* Resources */,
			);
			buildRules = (
			);
			dependencies = (
			);
			name = "AR Storage Measure";
			productName = "AR Storage Measure";
			productReference = 138B4EC222068F0B001CF774 /* AR Storage Measure.app */;
			productType = "com.apple.product-type.application";
		};
		138B4ED522068F0D001CF774 /* AR Storage MeasureTests */ = {
			isa = PBXNativeTarget;
			buildConfigurationList = 138B4EED22068F0D001CF774 /* Build configuration list for PBXNativeTarget "AR Storage MeasureTests" */;
			buildPhases = (
				138B4ED222068F0D001CF774 /* Sources */,
				138B4ED322068F0D001CF774 /* Frameworks */,
				138B4ED422068F0D001CF774 /* Resources */,
			);
			buildRules = (
			);
			dependencies = (
				138B4ED822068F0D001CF774 /* PBXTargetDependency */,
			);
			name = "AR Storage MeasureTests";
			productName = "AR Storage MeasureTests";
			productReference = 138B4ED622068F0D001CF774 /* AR Storage MeasureTests.xctest */;
			productType = "com.apple.product-type.bundle.unit-test";
		};
		138B4EE022068F0D001CF774 /* AR Storage MeasureUITests */ = {
			isa = PBXNativeTarget;
			buildConfigurationList = 138B4EF022068F0D001CF774 /* Build configuration list for PBXNativeTarget "AR Storage MeasureUITests" */;
			buildPhases = (
				138B4EDD22068F0D001CF774 /* Sources */,
				138B4EDE22068F0D001CF774 /* Frameworks */,
				138B4EDF22068F0D001CF774 /* Resources */,
			);
			buildRules = (
			);
			dependencies = (
				138B4EE322068F0D001CF774 /* PBXTargetDependency */,
			);
			name = "AR Storage MeasureUITests";
			productName = "AR Storage MeasureUITests";
			productReference = 138B4EE122068F0D001CF774 /* AR Storage MeasureUITests.xctest */;
			productType = "com.apple.product-type.bundle.ui-testing";
		};
/* End PBXNativeTarget section */

/* Begin PBXProject section */
		138B4EBA22068F0B001CF774 /* Project object */ = {
			isa = PBXProject;
			attributes = {
				LastSwiftUpdateCheck = 1010;
				LastUpgradeCheck = 1010;
				ORGANIZATIONNAME = "Storage Share";
				TargetAttributes = {
					138B4EC122068F0B001CF774 = {
						CreatedOnToolsVersion = 10.1;
					};
					138B4ED522068F0D001CF774 = {
						CreatedOnToolsVersion = 10.1;
						TestTargetID = 138B4EC122068F0B001CF774;
					};
					138B4EE022068F0D001CF774 = {
						CreatedOnToolsVersion = 10.1;
						TestTargetID = 138B4EC122068F0B001CF774;
					};
				};
			};
			buildConfigurationList = 138B4EBD22068F0B001CF774 /* Build configuration list for PBXProject "AR Storage Measure" */;
			compatibilityVersion = "Xcode 9.3";
			developmentRegion = en;
			hasScannedForEncodings = 0;
			knownRegions = (
				en,
				Base,
			);
			mainGroup = 138B4EB922068F0B001CF774;
			productRefGroup = 138B4EC322068F0B001CF774 /* Products */;
			projectDirPath = "";
			projectRoot = "";
			targets = (
				138B4EC122068F0B001CF774 /* AR Storage Measure */,
				138B4ED522068F0D001CF774 /* AR Storage MeasureTests */,
				138B4EE022068F0D001CF774 /* AR Storage MeasureUITests */,
			);
		};
/* End PBXProject section */

/* Begin PBXResourcesBuildPhase section */
		138B4EC022068F0B001CF774 /* Resources */ = {
			isa = PBXResourcesBuildPhase;
			buildActionMask = 2147483647;
			files = (
				138B4ED022068F0D001CF774 /* LaunchScreen.storyboard in Resources */,
				138B4ECD22068F0D001CF774 /* Assets.xcassets in Resources */,
				138B4ECB22068F0B001CF774 /* Main.storyboard in Resources */,
			);
			runOnlyForDeploymentPostprocessing = 0;
		};
		138B4ED422068F0D001CF774 /* Resources */ = {
			isa = PBXResourcesBuildPhase;
			buildActionMask = 2147483647;
			files = (
			);
			runOnlyForDeploymentPostprocessing = 0;
		};
		138B4EDF22068F0D001CF774 /* Resources */ = {
			isa = PBXResourcesBuildPhase;
			buildActionMask = 2147483647;
			files = (
			);
			runOnlyForDeploymentPostprocessing = 0;
		};
/* End PBXResourcesBuildPhase section */

/* Begin PBXSourcesBuildPhase section */
		138B4EBE22068F0B001CF774 /* Sources */ = {
			isa = PBXSourcesBuildPhase;
			buildActionMask = 2147483647;
			files = (
				138B4EC822068F0B001CF774 /* ViewController.swift in Sources */,
				138B4EF6220697CD001CF774 /* Box.swift in Sources */,
				138B4EC622068F0B001CF774 /* AppDelegate.swift in Sources */,
				138B4EF8220697DF001CF774 /* Grid.swift in Sources */,
				138B4EF422069300001CF774 /* Measure.swift in Sources */,
			);
			runOnlyForDeploymentPostprocessing = 0;
		};
		138B4ED222068F0D001CF774 /* Sources */ = {
			isa = PBXSourcesBuildPhase;
			buildActionMask = 2147483647;
			files = (
				138B4EDB22068F0D001CF774 /* AR_Storage_MeasureTests.swift in Sources */,
			);
			runOnlyForDeploymentPostprocessing = 0;
		};
		138B4EDD22068F0D001CF774 /* Sources */ = {
			isa = PBXSourcesBuildPhase;
			buildActionMask = 2147483647;
			files = (
				138B4EE622068F0D001CF774 /* AR_Storage_MeasureUITests.swift in Sources */,
			);
			runOnlyForDeploymentPostprocessing = 0;
		};
/* End PBXSourcesBuildPhase section */

/* Begin PBXTargetDependency section */
		138B4ED822068F0D001CF774 /* PBXTargetDependency */ = {
			isa = PBXTargetDependency;
			target = 138B4EC122068F0B001CF774 /* AR Storage Measure */;
			targetProxy = 138B4ED722068F0D001CF774 /* PBXContainerItemProxy */;
		};
		138B4EE322068F0D001CF774 /* PBXTargetDependency */ = {
			isa = PBXTargetDependency;
			target = 138B4EC122068F0B001CF774 /* AR Storage Measure */;
			targetProxy = 138B4EE222068F0D001CF774 /* PBXContainerItemProxy */;
		};
/* End PBXTargetDependency section */

/* Begin PBXVariantGroup section */
		138B4EC922068F0B001CF774 /* Main.storyboard */ = {
			isa = PBXVariantGroup;
			children = (
				138B4ECA22068F0B001CF774 /* Base */,
			);
			name = Main.storyboard;
			sourceTree = "<group>";
		};
		138B4ECE22068F0D001CF774 /* LaunchScreen.storyboard */ = {
			isa = PBXVariantGroup;
			children = (
				138B4ECF22068F0D001CF774 /* Base */,
			);
			name = LaunchScreen.storyboard;
			sourceTree = "<group>";
		};
/* End PBXVariantGroup section */

/* Begin XCBuildConfiguration section */
		138B4EE822068F0D001CF774 /* Debug */ = {
			isa = XCBuildConfiguration;
			buildSettings = {
				ALWAYS_SEARCH_USER_PATHS = NO;
				CLANG_ANALYZER_NONNULL = YES;
				CLANG_ANALYZER_NUMBER_OBJECT_CONVERSION = YES_AGGRESSIVE;
				CLANG_CXX_LANGUAGE_STANDARD = "gnu++14";
				CLANG_CXX_LIBRARY = "libc++";
				CLANG_ENABLE_MODULES = YES;
				CLANG_ENABLE_OBJC_ARC = YES;
				CLANG_ENABLE_OBJC_WEAK = YES;
				CLANG_WARN_BLOCK_CAPTURE_AUTORELEASING = YES;
				CLANG_WARN_BOOL_CONVERSION = YES;
				CLANG_WARN_COMMA = YES;
				CLANG_WARN_CONSTANT_CONVERSION = YES;
				CLANG_WARN_DEPRECATED_OBJC_IMPLEMENTATIONS = YES;
				CLANG_WARN_DIRECT_OBJC_ISA_USAGE = YES_ERROR;
				CLANG_WARN_DOCUMENTATION_COMMENTS = YES;
				CLANG_WARN_EMPTY_BODY = YES;
				CLANG_WARN_ENUM_CONVERSION = YES;
				CLANG_WARN_INFINITE_RECURSION = YES;
				CLANG_WARN_INT_CONVERSION = YES;
				CLANG_WARN_NON_LITERAL_NULL_CONVERSION = YES;
				CLANG_WARN_OBJC_IMPLICIT_RETAIN_SELF = YES;
				CLANG_WARN_OBJC_LITERAL_CONVERSION = YES;
				CLANG_WARN_OBJC_ROOT_CLASS = YES_ERROR;
				CLANG_WARN_RANGE_LOOP_ANALYSIS = YES;
				CLANG_WARN_STRICT_PROTOTYPES = YES;
				CLANG_WARN_SUSPICIOUS_MOVE = YES;
				CLANG_WARN_UNGUARDED_AVAILABILITY = YES_AGGRESSIVE;
				CLANG_WARN_UNREACHABLE_CODE = YES;
				CLANG_WARN__DUPLICATE_METHOD_MATCH = YES;
				CODE_SIGN_IDENTITY = "iPhone Developer";
				COPY_PHASE_STRIP = NO;
				DEBUG_INFORMATION_FORMAT = dwarf;
				ENABLE_STRICT_OBJC_MSGSEND = YES;
				ENABLE_TESTABILITY = YES;
				GCC_C_LANGUAGE_STANDARD = gnu11;
				GCC_DYNAMIC_NO_PIC = NO;
				GCC_NO_COMMON_BLOCKS = YES;
				GCC_OPTIMIZATION_LEVEL = 0;
				GCC_PREPROCESSOR_DEFINITIONS = (
					"DEBUG=1",
					"$(inherited)",
				);
				GCC_WARN_64_TO_32_BIT_CONVERSION = YES;
				GCC_WARN_ABOUT_RETURN_TYPE = YES_ERROR;
				GCC_WARN_UNDECLARED_SELECTOR = YES;
				GCC_WARN_UNINITIALIZED_AUTOS = YES_AGGRESSIVE;
				GCC_WARN_UNUSED_FUNCTION = YES;
				GCC_WARN_UNUSED_VARIABLE = YES;
				IPHONEOS_DEPLOYMENT_TARGET = 12.1;
				MTL_ENABLE_DEBUG_INFO = INCLUDE_SOURCE;
				MTL_FAST_MATH = YES;
				ONLY_ACTIVE_ARCH = YES;
				SDKROOT = iphoneos;
				SWIFT_ACTIVE_COMPILATION_CONDITIONS = DEBUG;
				SWIFT_OPTIMIZATION_LEVEL = "-Onone";
			};
			name = Debug;
		};
		138B4EE922068F0D001CF774 /* Release */ = {
			isa = XCBuildConfiguration;
			buildSettings = {
				ALWAYS_SEARCH_USER_PATHS = NO;
				CLANG_ANALYZER_NONNULL = YES;
				CLANG_ANALYZER_NUMBER_OBJECT_CONVERSION = YES_AGGRESSIVE;
				CLANG_CXX_LANGUAGE_STANDARD = "gnu++14";
				CLANG_CXX_LIBRARY = "libc++";
				CLANG_ENABLE_MODULES = YES;
				CLANG_ENABLE_OBJC_ARC = YES;
				CLANG_ENABLE_OBJC_WEAK = YES;
				CLANG_WARN_BLOCK_CAPTURE_AUTORELEASING = YES;
				CLANG_WARN_BOOL_CONVERSION = YES;
				CLANG_WARN_COMMA = YES;
				CLANG_WARN_CONSTANT_CONVERSION = YES;
				CLANG_WARN_DEPRECATED_OBJC_IMPLEMENTATIONS = YES;
				CLANG_WARN_DIRECT_OBJC_ISA_USAGE = YES_ERROR;
				CLANG_WARN_DOCUMENTATION_COMMENTS = YES;
				CLANG_WARN_EMPTY_BODY = YES;
				CLANG_WARN_ENUM_CONVERSION = YES;
				CLANG_WARN_INFINITE_RECURSION = YES;
				CLANG_WARN_INT_CONVERSION = YES;
				CLANG_WARN_NON_LITERAL_NULL_CONVERSION = YES;
				CLANG_WARN_OBJC_IMPLICIT_RETAIN_SELF = YES;
				CLANG_WARN_OBJC_LITERAL_CONVERSION = YES;
				CLANG_WARN_OBJC_ROOT_CLASS = YES_ERROR;
				CLANG_WARN_RANGE_LOOP_ANALYSIS = YES;
				CLANG_WARN_STRICT_PROTOTYPES = YES;
				CLANG_WARN_SUSPICIOUS_MOVE = YES;
				CLANG_WARN_UNGUARDED_AVAILABILITY = YES_AGGRESSIVE;
				CLANG_WARN_UNREACHABLE_CODE = YES;
				CLANG_WARN__DUPLICATE_METHOD_MATCH = YES;
				CODE_SIGN_IDENTITY = "iPhone Developer";
				COPY_PHASE_STRIP = NO;
				DEBUG_INFORMATION_FORMAT = "dwarf-with-dsym";
				ENABLE_NS_ASSERTIONS = NO;
				ENABLE_STRICT_OBJC_MSGSEND = YES;
				GCC_C_LANGUAGE_STANDARD = gnu11;
				GCC_NO_COMMON_BLOCKS = YES;
				GCC_WARN_64_TO_32_BIT_CONVERSION = YES;
				GCC_WARN_ABOUT_RETURN_TYPE = YES_ERROR;
				GCC_WARN_UNDECLARED_SELECTOR = YES;
				GCC_WARN_UNINITIALIZED_AUTOS = YES_AGGRESSIVE;
				GCC_WARN_UNUSED_FUNCTION = YES;
				GCC_WARN_UNUSED_VARIABLE = YES;
				IPHONEOS_DEPLOYMENT_TARGET = 12.1;
				MTL_ENABLE_DEBUG_INFO = NO;
				MTL_FAST_MATH = YES;
				SDKROOT = iphoneos;
				SWIFT_COMPILATION_MODE = wholemodule;
				SWIFT_OPTIMIZATION_LEVEL = "-O";
				VALIDATE_PRODUCT = YES;
			};
			name = Release;
		};
		138B4EEB22068F0D001CF774 /* Debug */ = {
			isa = XCBuildConfiguration;
			buildSettings = {
				ASSETCATALOG_COMPILER_APPICON_NAME = AppIcon;
				CODE_SIGN_STYLE = Automatic;
				DEVELOPMENT_TEAM = 8B8T4F8375;
				INFOPLIST_FILE = "AR Storage Measure/Info.plist";
				LD_RUNPATH_SEARCH_PATHS = (
					"$(inherited)",
					"@executable_path/Frameworks",
				);
				PRODUCT_BUNDLE_IDENTIFIER = "SS.AR-Storage-Measure";
				PRODUCT_NAME = "$(TARGET_NAME)";
				SWIFT_VERSION = 4.2;
				TARGETED_DEVICE_FAMILY = "1,2";
			};
			name = Debug;
		};
		138B4EEC22068F0D001CF774 /* Release */ = {
			isa = XCBuildConfiguration;
			buildSettings = {
				ASSETCATALOG_COMPILER_APPICON_NAME = AppIcon;
				CODE_SIGN_STYLE = Automatic;
				DEVELOPMENT_TEAM = 8B8T4F8375;
				INFOPLIST_FILE = "AR Storage Measure/Info.plist";
				LD_RUNPATH_SEARCH_PATHS = (
					"$(inherited)",
					"@executable_path/Frameworks",
				);
				PRODUCT_BUNDLE_IDENTIFIER = "SS.AR-Storage-Measure";
				PRODUCT_NAME = "$(TARGET_NAME)";
				SWIFT_VERSION = 4.2;
				TARGETED_DEVICE_FAMILY = "1,2";
			};
			name = Release;
		};
		138B4EEE22068F0D001CF774 /* Debug */ = {
			isa = XCBuildConfiguration;
			buildSettings = {
				ALWAYS_EMBED_SWIFT_STANDARD_LIBRARIES = YES;
				BUNDLE_LOADER = "$(TEST_HOST)";
				CODE_SIGN_STYLE = Automatic;
				DEVELOPMENT_TEAM = 43XKYX9XZ9;
				INFOPLIST_FILE = "AR Storage MeasureTests/Info.plist";
				LD_RUNPATH_SEARCH_PATHS = (
					"$(inherited)",
					"@executable_path/Frameworks",
					"@loader_path/Frameworks",
				);
				PRODUCT_BUNDLE_IDENTIFIER = "SS.AR-Storage-MeasureTests";
				PRODUCT_NAME = "$(TARGET_NAME)";
				SWIFT_VERSION = 4.2;
				TARGETED_DEVICE_FAMILY = "1,2";
				TEST_HOST = "$(BUILT_PRODUCTS_DIR)/AR Storage Measure.app/AR Storage Measure";
			};
			name = Debug;
		};
		138B4EEF22068F0D001CF774 /* Release */ = {
			isa = XCBuildConfiguration;
			buildSettings = {
				ALWAYS_EMBED_SWIFT_STANDARD_LIBRARIES = YES;
				BUNDLE_LOADER = "$(TEST_HOST)";
				CODE_SIGN_STYLE = Automatic;
				DEVELOPMENT_TEAM = 43XKYX9XZ9;
				INFOPLIST_FILE = "AR Storage MeasureTests/Info.plist";
				LD_RUNPATH_SEARCH_PATHS = (
					"$(inherited)",
					"@executable_path/Frameworks",
					"@loader_path/Frameworks",
				);
				PRODUCT_BUNDLE_IDENTIFIER = "SS.AR-Storage-MeasureTests";
				PRODUCT_NAME = "$(TARGET_NAME)";
				SWIFT_VERSION = 4.2;
				TARGETED_DEVICE_FAMILY = "1,2";
				TEST_HOST = "$(BUILT_PRODUCTS_DIR)/AR Storage Measure.app/AR Storage Measure";
			};
			name = Release;
		};
		138B4EF122068F0D001CF774 /* Debug */ = {
			isa = XCBuildConfiguration;
			buildSettings = {
				ALWAYS_EMBED_SWIFT_STANDARD_LIBRARIES = YES;
				CODE_SIGN_STYLE = Automatic;
				DEVELOPMENT_TEAM = 43XKYX9XZ9;
				INFOPLIST_FILE = "AR Storage MeasureUITests/Info.plist";
				LD_RUNPATH_SEARCH_PATHS = (
					"$(inherited)",
					"@executable_path/Frameworks",
					"@loader_path/Frameworks",
				);
				PRODUCT_BUNDLE_IDENTIFIER = "SS.AR-Storage-MeasureUITests";
				PRODUCT_NAME = "$(TARGET_NAME)";
				SWIFT_VERSION = 4.2;
				TARGETED_DEVICE_FAMILY = "1,2";
				TEST_TARGET_NAME = "AR Storage Measure";
			};
			name = Debug;
		};
		138B4EF222068F0D001CF774 /* Release */ = {
			isa = XCBuildConfiguration;
			buildSettings = {
				ALWAYS_EMBED_SWIFT_STANDARD_LIBRARIES = YES;
				CODE_SIGN_STYLE = Automatic;
				DEVELOPMENT_TEAM = 43XKYX9XZ9;
				INFOPLIST_FILE = "AR Storage MeasureUITests/Info.plist";
				LD_RUNPATH_SEARCH_PATHS = (
					"$(inherited)",
					"@executable_path/Frameworks",
					"@loader_path/Frameworks",
				);
				PRODUCT_BUNDLE_IDENTIFIER = "SS.AR-Storage-MeasureUITests";
				PRODUCT_NAME = "$(TARGET_NAME)";
				SWIFT_VERSION = 4.2;
				TARGETED_DEVICE_FAMILY = "1,2";
				TEST_TARGET_NAME = "AR Storage Measure";
			};
			name = Release;
		};
/* End XCBuildConfiguration section */

/* Begin XCConfigurationList section */
		138B4EBD22068F0B001CF774 /* Build configuration list for PBXProject "AR Storage Measure" */ = {
			isa = XCConfigurationList;
			buildConfigurations = (
				138B4EE822068F0D001CF774 /* Debug */,
				138B4EE922068F0D001CF774 /* Release */,
			);
			defaultConfigurationIsVisible = 0;
			defaultConfigurationName = Release;
		};
		138B4EEA22068F0D001CF774 /* Build configuration list for PBXNativeTarget "AR Storage Measure" */ = {
			isa = XCConfigurationList;
			buildConfigurations = (
				138B4EEB22068F0D001CF774 /* Debug */,
				138B4EEC22068F0D001CF774 /* Release */,
			);
			defaultConfigurationIsVisible = 0;
			defaultConfigurationName = Release;
		};
		138B4EED22068F0D001CF774 /* Build configuration list for PBXNativeTarget "AR Storage MeasureTests" */ = {
			isa = XCConfigurationList;
			buildConfigurations = (
				138B4EEE22068F0D001CF774 /* Debug */,
				138B4EEF22068F0D001CF774 /* Release */,
			);
			defaultConfigurationIsVisible = 0;
			defaultConfigurationName = Release;
		};
		138B4EF022068F0D001CF774 /* Build configuration list for PBXNativeTarget "AR Storage MeasureUITests" */ = {
			isa = XCConfigurationList;
			buildConfigurations = (
				138B4EF122068F0D001CF774 /* Debug */,
				138B4EF222068F0D001CF774 /* Release */,
			);
			defaultConfigurationIsVisible = 0;
			defaultConfigurationName = Release;
		};
/* End XCConfigurationList section */
	};
	rootObject = 138B4EBA22068F0B001CF774 /* Project object */;
}
